
Microsoft Visual Studio Solution File, Format Version 12.00
# Visual Studio 15
VisualStudioVersion = 15.0.27428.2027
MinimumVisualStudioVersion = 10.0.40219.1
Project("{FAE04EC0-301F-11D3-BF4B-00C04F79EFBC}") = "SchoolSchedule.DataLayer", "SSS.DataLayer\SchoolSchedule.DataLayer.csproj", "{EA3853EF-3BA4-43C6-8C3B-BF7525964BDA}"
EndProject
Project("{00D1A9C2-B5F0-4AF3-8072-F6C62B433612}") = "ShoolSchedule.Database", "SSS.Database\ShoolSchedule.Database.sqlproj", "{85A8D641-E20C-4295-843A-E76B4DEABB40}"
EndProject
Project("{FAE04EC0-301F-11D3-BF4B-00C04F79EFBC}") = "SchoolSchedule.BusinessLayer", "SchoolSchedule.Service\SchoolSchedule.BusinessLayer.csproj", "{DEA36657-D7F8-43F7-A416-C9426BA8C77E}"
EndProject
Project("{FAE04EC0-301F-11D3-BF4B-00C04F79EFBC}") = "SchoolSchedule.API", "SchoolSchedule.API\SchoolSchedule.API.csproj", "{72B18D21-0A8C-48C3-93E1-18DCF750C006}"
EndProject
Project("{FAE04EC0-301F-11D3-BF4B-00C04F79EFBC}") = "SchoolSchedule.API.Tests", "SchoolSchedule.API.Tests\SchoolSchedule.API.Tests.csproj", "{FF3007B0-95F1-42D2-B48C-F44A932789C5}"
EndProject
Project("{FAE04EC0-301F-11D3-BF4B-00C04F79EFBC}") = "SchoolSchedule.UI", "SchoolSchedule.UI\SchoolSchedule.UI.csproj", "{4A69154B-F2DF-482C-B8BB-A2A6D22BC38B}"
EndProject
Project("{9A19103F-16F7-4668-BE54-9A1E7A4F7556}") = "SchoolSystem.Datalayer", "SchoolSystem.Datalayer\SchoolSystem.Datalayer.csproj", "{A1E54062-F816-4F33-AC48-402DA06A86EC}"
EndProject
Project("{FAE04EC0-301F-11D3-BF4B-00C04F79EFBC}") = "SchoolSystem.API", "SchoolSystem.API\SchoolSystem.API.csproj", "{2E1EF292-3A1C-40B2-B86A-02B276D3AFD4}"
EndProject
Project("{FAE04EC0-301F-11D3-BF4B-00C04F79EFBC}") = "SchoolSystem.BusinessLayer", "SchoolSystem.BusinessLayer\SchoolSystem.BusinessLayer.csproj", "{F6B8B664-CCF3-4A37-9480-AA91545BA795}"
EndProject
Global
	GlobalSection(SolutionConfigurationPlatforms) = preSolution
		Debug|Any CPU = Debug|Any CPU
		Release|Any CPU = Release|Any CPU
	EndGlobalSection
	GlobalSection(ProjectConfigurationPlatforms) = postSolution
		{EA3853EF-3BA4-43C6-8C3B-BF7525964BDA}.Debug|Any CPU.ActiveCfg = Debug|Any CPU
		{EA3853EF-3BA4-43C6-8C3B-BF7525964BDA}.Debug|Any CPU.Build.0 = Debug|Any CPU
		{EA3853EF-3BA4-43C6-8C3B-BF7525964BDA}.Release|Any CPU.ActiveCfg = Release|Any CPU
		{EA3853EF-3BA4-43C6-8C3B-BF7525964BDA}.Release|Any CPU.Build.0 = Release|Any CPU
		{85A8D641-E20C-4295-843A-E76B4DEABB40}.Debug|Any CPU.ActiveCfg = Debug|Any CPU
		{85A8D641-E20C-4295-843A-E76B4DEABB40}.Debug|Any CPU.Build.0 = Debug|Any CPU
		{85A8D641-E20C-4295-843A-E76B4DEABB40}.Debug|Any CPU.Deploy.0 = Debug|Any CPU
		{85A8D641-E20C-4295-843A-E76B4DEABB40}.Release|Any CPU.ActiveCfg = Release|Any CPU
		{85A8D641-E20C-4295-843A-E76B4DEABB40}.Release|Any CPU.Build.0 = Release|Any CPU
		{85A8D641-E20C-4295-843A-E76B4DEABB40}.Release|Any CPU.Deploy.0 = Release|Any CPU
		{DEA36657-D7F8-43F7-A416-C9426BA8C77E}.Debug|Any CPU.ActiveCfg = Debug|Any CPU
		{DEA36657-D7F8-43F7-A416-C9426BA8C77E}.Debug|Any CPU.Build.0 = Debug|Any CPU
		{DEA36657-D7F8-43F7-A416-C9426BA8C77E}.Release|Any CPU.ActiveCfg = Release|Any CPU
		{DEA36657-D7F8-43F7-A416-C9426BA8C77E}.Release|Any CPU.Build.0 = Release|Any CPU
		{72B18D21-0A8C-48C3-93E1-18DCF750C006}.Debug|Any CPU.ActiveCfg = Debug|Any CPU
		{72B18D21-0A8C-48C3-93E1-18DCF750C006}.Debug|Any CPU.Build.0 = Debug|Any CPU
		{72B18D21-0A8C-48C3-93E1-18DCF750C006}.Release|Any CPU.ActiveCfg = Release|Any CPU
		{72B18D21-0A8C-48C3-93E1-18DCF750C006}.Release|Any CPU.Build.0 = Release|Any CPU
		{FF3007B0-95F1-42D2-B48C-F44A932789C5}.Debug|Any CPU.ActiveCfg = Debug|Any CPU
		{FF3007B0-95F1-42D2-B48C-F44A932789C5}.Debug|Any CPU.Build.0 = Debug|Any CPU
		{FF3007B0-95F1-42D2-B48C-F44A932789C5}.Release|Any CPU.ActiveCfg = Release|Any CPU
		{FF3007B0-95F1-42D2-B48C-F44A932789C5}.Release|Any CPU.Build.0 = Release|Any CPU
		{4A69154B-F2DF-482C-B8BB-A2A6D22BC38B}.Debug|Any CPU.ActiveCfg = Debug|Any CPU
		{4A69154B-F2DF-482C-B8BB-A2A6D22BC38B}.Debug|Any CPU.Build.0 = Debug|Any CPU
		{4A69154B-F2DF-482C-B8BB-A2A6D22BC38B}.Release|Any CPU.ActiveCfg = Release|Any CPU
		{4A69154B-F2DF-482C-B8BB-A2A6D22BC38B}.Release|Any CPU.Build.0 = Release|Any CPU
		{A1E54062-F816-4F33-AC48-402DA06A86EC}.Debug|Any CPU.ActiveCfg = Debug|Any CPU
		{A1E54062-F816-4F33-AC48-402DA06A86EC}.Debug|Any CPU.Build.0 = Debug|Any CPU
		{A1E54062-F816-4F33-AC48-402DA06A86EC}.Release|Any CPU.ActiveCfg = Release|Any CPU
		{A1E54062-F816-4F33-AC48-402DA06A86EC}.Release|Any CPU.Build.0 = Release|Any CPU
		{2E1EF292-3A1C-40B2-B86A-02B276D3AFD4}.Debug|Any CPU.ActiveCfg = Debug|Any CPU
		{2E1EF292-3A1C-40B2-B86A-02B276D3AFD4}.Debug|Any CPU.Build.0 = Debug|Any CPU
		{2E1EF292-3A1C-40B2-B86A-02B276D3AFD4}.Release|Any CPU.ActiveCfg = Release|Any CPU
		{2E1EF292-3A1C-40B2-B86A-02B276D3AFD4}.Release|Any CPU.Build.0 = Release|Any CPU
		{F6B8B664-CCF3-4A37-9480-AA91545BA795}.Debug|Any CPU.ActiveCfg = Debug|Any CPU
		{F6B8B664-CCF3-4A37-9480-AA91545BA795}.Debug|Any CPU.Build.0 = Debug|Any CPU
		{F6B8B664-CCF3-4A37-9480-AA91545BA795}.Release|Any CPU.ActiveCfg = Release|Any CPU
		{F6B8B664-CCF3-4A37-9480-AA91545BA795}.Release|Any CPU.Build.0 = Release|Any CPU
	EndGlobalSection
	GlobalSection(SolutionProperties) = preSolution
		HideSolutionNode = FALSE
	EndGlobalSection
	GlobalSection(ExtensibilityGlobals) = postSolution
		SolutionGuid = {8E44AAC1-3088-44CF-9986-07ECE85DC3A0}
	EndGlobalSection
EndGlobal
